
Microsoft Visual Studio Solution File, Format Version 12.00
# Visual Studio 15
VisualStudioVersion = 15.0.26730.16
MinimumVisualStudioVersion = 10.0.40219.1
Project("{FAE04EC0-301F-11D3-BF4B-00C04F79EFBC}") = "Slots", "Slots\Slots.csproj", "{9FA86F89-3AC3-476C-986E-CB8D8D805AF2}"
EndProject
Global
	GlobalSection(SolutionConfigurationPlatforms) = preSolution
		Debug|Any CPU = Debug|Any CPU
		Release|Any CPU = Release|Any CPU
	EndGlobalSection
	GlobalSection(ProjectConfigurationPlatforms) = postSolution
		{9FA86F89-3AC3-476C-986E-CB8D8D805AF2}.Debug|Any CPU.ActiveCfg = Debug|Any CPU
		{9FA86F89-3AC3-476C-986E-CB8D8D805AF2}.Debug|Any CPU.Build.0 = Debug|Any CPU
		{9FA86F89-3AC3-476C-986E-CB8D8D805AF2}.Release|Any CPU.ActiveCfg = Release|Any CPU
		{9FA86F89-3AC3-476C-986E-CB8D8D805AF2}.Release|Any CPU.Build.0 = Release|Any CPU
	EndGlobalSection
	GlobalSection(SolutionProperties) = preSolution
		HideSolutionNode = FALSE
	EndGlobalSection
	GlobalSection(ExtensibilityGlobals) = postSolution
		SolutionGuid = {6C90CBDA-FEFC-48B3-89ED-90C2AA9CC476}
	EndGlobalSection
EndGlobal
